
Microsoft Visual Studio Solution File, Format Version 12.00
# Visual Studio Version 17
VisualStudioVersion = 17.4.33103.184
MinimumVisualStudioVersion = 10.0.40219.1
Project("{9A19103F-16F7-4668-BE54-9A1E7A4F7556}") = "Day02Task.Api", "Day02Task.Api.csproj", "{DD4982C7-88E6-4915-8C25-E3BC6AF4486E}"
EndProject
Project("{9A19103F-16F7-4668-BE54-9A1E7A4F7556}") = "Day02Task.BL", "..\Day02Task.BL\Day02Task.BL.csproj", "{38FA2835-9541-4CEF-A639-8F5286D90E93}"
EndProject
Project("{9A19103F-16F7-4668-BE54-9A1E7A4F7556}") = "Day02Task.DAL", "..\Day02Task.DAL\Day02Task.DAL.csproj", "{08D45D78-62CA-46AC-8494-B50248A2B21C}"
EndProject
Global
	GlobalSection(SolutionConfigurationPlatforms) = preSolution
		Debug|Any CPU = Debug|Any CPU
		Release|Any CPU = Release|Any CPU
	EndGlobalSection
	GlobalSection(ProjectConfigurationPlatforms) = postSolution
		{DD4982C7-88E6-4915-8C25-E3BC6AF4486E}.Debug|Any CPU.ActiveCfg = Debug|Any CPU
		{DD4982C7-88E6-4915-8C25-E3BC6AF4486E}.Debug|Any CPU.Build.0 = Debug|Any CPU
		{DD4982C7-88E6-4915-8C25-E3BC6AF4486E}.Release|Any CPU.ActiveCfg = Release|Any CPU
		{DD4982C7-88E6-4915-8C25-E3BC6AF4486E}.Release|Any CPU.Build.0 = Release|Any CPU
		{38FA2835-9541-4CEF-A639-8F5286D90E93}.Debug|Any CPU.ActiveCfg = Debug|Any CPU
		{38FA2835-9541-4CEF-A639-8F5286D90E93}.Debug|Any CPU.Build.0 = Debug|Any CPU
		{38FA2835-9541-4CEF-A639-8F5286D90E93}.Release|Any CPU.ActiveCfg = Release|Any CPU
		{38FA2835-9541-4CEF-A639-8F5286D90E93}.Release|Any CPU.Build.0 = Release|Any CPU
		{08D45D78-62CA-46AC-8494-B50248A2B21C}.Debug|Any CPU.ActiveCfg = Debug|Any CPU
		{08D45D78-62CA-46AC-8494-B50248A2B21C}.Debug|Any CPU.Build.0 = Debug|Any CPU
		{08D45D78-62CA-46AC-8494-B50248A2B21C}.Release|Any CPU.ActiveCfg = Release|Any CPU
		{08D45D78-62CA-46AC-8494-B50248A2B21C}.Release|Any CPU.Build.0 = Release|Any CPU
	EndGlobalSection
	GlobalSection(SolutionProperties) = preSolution
		HideSolutionNode = FALSE
	EndGlobalSection
	GlobalSection(ExtensibilityGlobals) = postSolution
		SolutionGuid = {4160AD6E-A7D0-4CFD-A4B2-4FFFE6ED20DA}
	EndGlobalSection
EndGlobal
